{
  "version": 4,
  "terraform_version": "1.14.3",
  "serial": 90,
  "lineage": "331fdb67-9067-b971-fb79-0de7d7c28a4a",
  "outputs": {
    "jumpserver_public_ip": {
      "value": "77.42.89.83",
      "type": "string"
    }
  },
  "resources": [
    {
      "mode": "data",
      "type": "hcloud_network",
      "name": "private_network",
      "provider": "provider[\"registry.terraform.io/hetznercloud/hcloud\"]",
      "instances": [
        {
          "schema_version": 0,
          "attributes": {
            "delete_protection": false,
            "expose_routes_to_vswitch": false,
            "id": 11835575,
            "ip_range": "10.40.0.0/24",
            "labels": {},
            "most_recent": null,
            "name": "nw-chaima",
            "with_selector": null
          },
          "sensitive_attributes": [],
          "identity_schema_version": 0
        }
      ]
    },
    {
      "mode": "data",
      "type": "hcloud_ssh_key",
      "name": "chaima_key",
      "provider": "provider[\"registry.terraform.io/hetznercloud/hcloud\"]",
      "instances": [
        {
          "schema_version": 0,
          "attributes": {
            "fingerprint": "c8:96:9d:c4:15:59:19:2e:39:63:20:72:8c:4f:d7:4c",
            "id": 105710567,
            "labels": {},
            "name": "chaima_pubkey",
            "public_key": "ssh-ed25519 AAAAC3NzaC1lZDI1NTE5AAAAINgVs5PsakqUqM1Xj3Ubg1auxh6+uWMWMMiELkxK5l6o",
            "selector": null,
            "with_selector": null
          },
          "sensitive_attributes": [],
          "identity_schema_version": 0
        }
      ]
    },
    {
      "mode": "managed",
      "type": "hcloud_firewall",
      "name": "jumpserver_firewall",
      "provider": "provider[\"registry.terraform.io/hetznercloud/hcloud\"]",
      "instances": [
        {
          "schema_version": 0,
          "attributes": {
            "apply_to": [],
            "id": "10417434",
            "labels": {},
            "name": "firewall-jumpserver-chaima",
            "rule": [
              {
                "description": "Allow HTTP",
                "destination_ips": [],
                "direction": "in",
                "port": "80",
                "protocol": "tcp",
                "source_ips": [
                  "0.0.0.0/0",
                  "::/0"
                ]
              },
              {
                "description": "Allow HTTPS",
                "destination_ips": [],
                "direction": "in",
                "port": "443",
                "protocol": "tcp",
                "source_ips": [
                  "0.0.0.0/0",
                  "::/0"
                ]
              },
              {
                "description": "Allow SSH",
                "destination_ips": [],
                "direction": "in",
                "port": "22",
                "protocol": "tcp",
                "source_ips": [
                  "0.0.0.0/0",
                  "::/0"
                ]
              }
            ]
          },
          "sensitive_attributes": [],
          "identity_schema_version": 0,
          "private": "bnVsbA=="
        }
      ]
    },
    {
      "mode": "managed",
      "type": "hcloud_server",
      "name": "public-jumpserver-chaima",
      "provider": "provider[\"registry.terraform.io/hetznercloud/hcloud\"]",
      "instances": [
        {
          "schema_version": 0,
          "attributes": {
            "allow_deprecated_images": false,
            "backup_window": "",
            "backups": false,
            "datacenter": "hel1-dc2",
            "delete_protection": false,
            "firewall_ids": [
              10417434
            ],
            "id": "117830224",
            "ignore_remote_firewall_ids": false,
            "image": "ubuntu-24.04",
            "ipv4_address": "77.42.89.83",
            "ipv6_address": "",
            "ipv6_network": "\u003cnil\u003e",
            "iso": null,
            "keep_disk": false,
            "labels": null,
            "location": "hel1",
            "name": "public-jumpserver-chaima",
            "network": [
              {
                "alias_ips": [],
                "ip": "10.40.0.10",
                "mac_address": "86:00:00:82:0e:40",
                "network_id": 11835575
              }
            ],
            "placement_group_id": 0,
            "primary_disk_size": 40,
            "public_net": [
              {
                "ipv4": 0,
                "ipv4_enabled": true,
                "ipv6": 0,
                "ipv6_enabled": false
              }
            ],
            "rebuild_protection": false,
            "rescue": null,
            "server_type": "cx23",
            "shutdown_before_deletion": false,
            "ssh_keys": [
              "105710567"
            ],
            "status": "running",
            "timeouts": null,
            "user_data": "J81AWh9Pf50HdUMU5glSIk7z6Gs="
          },
          "sensitive_attributes": [],
          "identity_schema_version": 0,
          "private": "eyJlMmJmYjczMC1lY2FhLTExZTYtOGY4OC0zNDM2M2JjN2M0YzAiOnsiY3JlYXRlIjo1NDAwMDAwMDAwMDAwfX0=",
          "dependencies": [
            "data.hcloud_network.private_network",
            "data.hcloud_ssh_key.chaima_key",
            "hcloud_firewall.jumpserver_firewall"
          ]
        }
      ]
    }
  ],
  "check_results": null
}
